// !$*UTF8*$!
{
	archiveVersion = 1;
	classes = {
	};
	objectVersion = 52;
	objects = {

/* Begin PBXBuildFile section */
		FE022E30264D28DC002DEEC0 /* MoviesScreen.swift in Sources */ = {isa = PBXBuildFile; fileRef = FE022E2F264D28DC002DEEC0 /* MoviesScreen.swift */; };
		FE022E32264D29D4002DEEC0 /* Movie.swift in Sources */ = {isa = PBXBuildFile; fileRef = FE022E31264D29D4002DEEC0 /* Movie.swift */; };
		FE57B00F264E511200D943D0 /* Grid.swift in Sources */ = {isa = PBXBuildFile; fileRef = FE57B00D264E511200D943D0 /* Grid.swift */; };
		FE57B010264E511200D943D0 /* GridLayout.swift in Sources */ = {isa = PBXBuildFile; fileRef = FE57B00E264E511200D943D0 /* GridLayout.swift */; };
		FE57B012264E584700D943D0 /* OverlayButton.swift in Sources */ = {isa = PBXBuildFile; fileRef = FE57B011264E584700D943D0 /* OverlayButton.swift */; };
		FE57B014264E68CD00D943D0 /* UserViewModel.swift in Sources */ = {isa = PBXBuildFile; fileRef = FE57B013264E68CD00D943D0 /* UserViewModel.swift */; };
		FE5884542654C1E60016E747 /* SearchScreen.swift in Sources */ = {isa = PBXBuildFile; fileRef = FE5884532654C1E60016E747 /* SearchScreen.swift */; };
		FE5884572654C5C00016E747 /* SearchField.swift in Sources */ = {isa = PBXBuildFile; fileRef = FE5884562654C5C00016E747 /* SearchField.swift */; };
		FE58845B2654F5EF0016E747 /* SearchViewModel.swift in Sources */ = {isa = PBXBuildFile; fileRef = FE58845A2654F5EF0016E747 /* SearchViewModel.swift */; };
		FE58845D265503FC0016E747 /* Keyword.swift in Sources */ = {isa = PBXBuildFile; fileRef = FE58845C265503FC0016E747 /* Keyword.swift */; };
		FE58845F265504060016E747 /* KeywordsResponse.swift in Sources */ = {isa = PBXBuildFile; fileRef = FE58845E265504060016E747 /* KeywordsResponse.swift */; };
		FE5884612655172A0016E747 /* MovieRow.swift in Sources */ = {isa = PBXBuildFile; fileRef = FE5884602655172A0016E747 /* MovieRow.swift */; };
		FE58846326551B860016E747 /* ArrayExtension.swift in Sources */ = {isa = PBXBuildFile; fileRef = FE58846226551B860016E747 /* ArrayExtension.swift */; };
		FE588465265618280016E747 /* MainScreen.swift in Sources */ = {isa = PBXBuildFile; fileRef = FE588464265618280016E747 /* MainScreen.swift */; };
		FE5884672656475F0016E747 /* LoginSheet.swift in Sources */ = {isa = PBXBuildFile; fileRef = FE5884662656475F0016E747 /* LoginSheet.swift */; };
		FE588469265660F50016E747 /* DetailCastScreen.swift in Sources */ = {isa = PBXBuildFile; fileRef = FE588468265660F50016E747 /* DetailCastScreen.swift */; };
		FE58846C265668310016E747 /* HeaderRow.swift in Sources */ = {isa = PBXBuildFile; fileRef = FE58846B265668310016E747 /* HeaderRow.swift */; };
		FE58846E2656693E0016E747 /* NetworkImage.swift in Sources */ = {isa = PBXBuildFile; fileRef = FE58846D2656693E0016E747 /* NetworkImage.swift */; };
		FE58847026566C700016E747 /* BiographyRow.swift in Sources */ = {isa = PBXBuildFile; fileRef = FE58846F26566C700016E747 /* BiographyRow.swift */; };
		FE58847226574BCF0016E747 /* PeopleViewModel.swift in Sources */ = {isa = PBXBuildFile; fileRef = FE58847126574BCF0016E747 /* PeopleViewModel.swift */; };
		FE588474265762370016E747 /* Account.swift in Sources */ = {isa = PBXBuildFile; fileRef = FE588473265762370016E747 /* Account.swift */; };
		FE588476265762840016E747 /* AvatarView.swift in Sources */ = {isa = PBXBuildFile; fileRef = FE588475265762840016E747 /* AvatarView.swift */; };
		FE58847B265769720016E747 /* AccountScreen.swift in Sources */ = {isa = PBXBuildFile; fileRef = FE58847A265769720016E747 /* AccountScreen.swift */; };
		FE58847D26578C3A0016E747 /* MovieState.swift in Sources */ = {isa = PBXBuildFile; fileRef = FE58847C26578C3A0016E747 /* MovieState.swift */; };
		FE58847F265796E60016E747 /* FavoriteScreen.swift in Sources */ = {isa = PBXBuildFile; fileRef = FE58847E265796E60016E747 /* FavoriteScreen.swift */; };
		FE588481265797590016E747 /* FavoriteViewModel.swift in Sources */ = {isa = PBXBuildFile; fileRef = FE588480265797590016E747 /* FavoriteViewModel.swift */; };
		FE588483265799CE0016E747 /* WatchlistScreen.swift in Sources */ = {isa = PBXBuildFile; fileRef = FE588482265799CE0016E747 /* WatchlistScreen.swift */; };
		FE58848526579A060016E747 /* WatchlistViewModel.swift in Sources */ = {isa = PBXBuildFile; fileRef = FE58848426579A060016E747 /* WatchlistViewModel.swift */; };
		FE5884872657B3EF0016E747 /* PeopleRow.swift in Sources */ = {isa = PBXBuildFile; fileRef = FE5884862657B3EF0016E747 /* PeopleRow.swift */; };
		FE5884892657B55D0016E747 /* PeopleResponse.swift in Sources */ = {isa = PBXBuildFile; fileRef = FE5884882657B55D0016E747 /* PeopleResponse.swift */; };
		FE58848B2657C2270016E747 /* AskToLoginView.swift in Sources */ = {isa = PBXBuildFile; fileRef = FE58848A2657C2270016E747 /* AskToLoginView.swift */; };
		FE58848D2658B1C50016E747 /* UserState.swift in Sources */ = {isa = PBXBuildFile; fileRef = FE58848C2658B1C50016E747 /* UserState.swift */; };
		FE588491265B51150016E747 /* ShimmerMovieRow.swift in Sources */ = {isa = PBXBuildFile; fileRef = FE588490265B51150016E747 /* ShimmerMovieRow.swift */; };
		FE588493265B80860016E747 /* OffsetTopPreferenceKey.swift in Sources */ = {isa = PBXBuildFile; fileRef = FE588492265B80860016E747 /* OffsetTopPreferenceKey.swift */; };
		FE588495265B89C70016E747 /* PagedResponse.swift in Sources */ = {isa = PBXBuildFile; fileRef = FE588494265B89C70016E747 /* PagedResponse.swift */; };
		FE78DBED265204A300A7FE3C /* TokenResponse.swift in Sources */ = {isa = PBXBuildFile; fileRef = FE78DBEC265204A300A7FE3C /* TokenResponse.swift */; };
		FE78DBEF2652110500A7FE3C /* SessionIDResponse.swift in Sources */ = {isa = PBXBuildFile; fileRef = FE78DBEE2652110500A7FE3C /* SessionIDResponse.swift */; };
		FE78DBF126521A8300A7FE3C /* ViewExtensions.swift in Sources */ = {isa = PBXBuildFile; fileRef = FE78DBF026521A8300A7FE3C /* ViewExtensions.swift */; };
		FE78DBF32652285400A7FE3C /* MessageResponse.swift in Sources */ = {isa = PBXBuildFile; fileRef = FE78DBF22652285400A7FE3C /* MessageResponse.swift */; };
		FE78DBF82652633800A7FE3C /* SDWebImageSwiftUI in Frameworks */ = {isa = PBXBuildFile; productRef = FE78DBF72652633800A7FE3C /* SDWebImageSwiftUI */; };
		FE78DBFD26535E0F00A7FE3C /* StringExtensions.swift in Sources */ = {isa = PBXBuildFile; fileRef = FE78DBFC26535E0F00A7FE3C /* StringExtensions.swift */; };
		FE78DBFF2653614200A7FE3C /* Cast.swift in Sources */ = {isa = PBXBuildFile; fileRef = FE78DBFE2653614200A7FE3C /* Cast.swift */; };
		FE78DC01265361D200A7FE3C /* CreditsResponse.swift in Sources */ = {isa = PBXBuildFile; fileRef = FE78DC00265361D200A7FE3C /* CreditsResponse.swift */; };
		FE78DC042653635D00A7FE3C /* CastItem.swift in Sources */ = {isa = PBXBuildFile; fileRef = FE78DC032653635D00A7FE3C /* CastItem.swift */; };
		FE78DC0626537AFC00A7FE3C /* Review.swift in Sources */ = {isa = PBXBuildFile; fileRef = FE78DC0526537AFC00A7FE3C /* Review.swift */; };
		FE78DC0826537B8800A7FE3C /* ReviewsResponse.swift in Sources */ = {isa = PBXBuildFile; fileRef = FE78DC0726537B8800A7FE3C /* ReviewsResponse.swift */; };
		FE78DC0A2653953C00A7FE3C /* PopularHeaderView.swift in Sources */ = {isa = PBXBuildFile; fileRef = FE78DC092653953C00A7FE3C /* PopularHeaderView.swift */; };
		FE78DC0C2653A0F600A7FE3C /* MoviesHorizontalListView.swift in Sources */ = {isa = PBXBuildFile; fileRef = FE78DC0B2653A0F600A7FE3C /* MoviesHorizontalListView.swift */; };
		FE78DC0E2653A13F00A7FE3C /* MovieHorizontalItem.swift in Sources */ = {isa = PBXBuildFile; fileRef = FE78DC0D2653A13F00A7FE3C /* MovieHorizontalItem.swift */; };
		FE78DC102653A1BB00A7FE3C /* Top10Badge.swift in Sources */ = {isa = PBXBuildFile; fileRef = FE78DC0F2653A1BB00A7FE3C /* Top10Badge.swift */; };
		FE78DC122653A26700A7FE3C /* HomeTopBar.swift in Sources */ = {isa = PBXBuildFile; fileRef = FE78DC112653A26700A7FE3C /* HomeTopBar.swift */; };
		FEB9C2D3264E0EFF00B7AD0E /* MyButton.swift in Sources */ = {isa = PBXBuildFile; fileRef = FEB9C2D2264E0EFF00B7AD0E /* MyButton.swift */; };
		FEB9C2D5264E2A2D00B7AD0E /* PlaceholderImage.swift in Sources */ = {isa = PBXBuildFile; fileRef = FEB9C2D4264E2A2D00B7AD0E /* PlaceholderImage.swift */; };
		FEB9C2D7264E2D6E00B7AD0E /* DetailMovieViewModel.swift in Sources */ = {isa = PBXBuildFile; fileRef = FEB9C2D6264E2D6E00B7AD0E /* DetailMovieViewModel.swift */; };
		FEB9C2D9264E328100B7AD0E /* OverlayBackground.swift in Sources */ = {isa = PBXBuildFile; fileRef = FEB9C2D8264E328100B7AD0E /* OverlayBackground.swift */; };
		FED7D8EC264BBC3D00254BD1 /* CinefyApp.swift in Sources */ = {isa = PBXBuildFile; fileRef = FED7D8EB264BBC3D00254BD1 /* CinefyApp.swift */; };
		FED7D8F0264BBC4000254BD1 /* Assets.xcassets in Resources */ = {isa = PBXBuildFile; fileRef = FED7D8EF264BBC4000254BD1 /* Assets.xcassets */; };
		FED7D8F3264BBC4000254BD1 /* Preview Assets.xcassets in Resources */ = {isa = PBXBuildFile; fileRef = FED7D8F2264BBC4000254BD1 /* Preview Assets.xcassets */; };
		FED7D8FC264BBD7600254BD1 /* Lottie in Frameworks */ = {isa = PBXBuildFile; productRef = FED7D8FB264BBD7600254BD1 /* Lottie */; };
		FED7D8FE264BBDC200254BD1 /* SplashScreen.swift in Sources */ = {isa = PBXBuildFile; fileRef = FED7D8FD264BBDC200254BD1 /* SplashScreen.swift */; };
		FED7D900264BBE3200254BD1 /* LogoAnimatedView.swift in Sources */ = {isa = PBXBuildFile; fileRef = FED7D8FF264BBE3200254BD1 /* LogoAnimatedView.swift */; };
		FED7D903264BBEC600254BD1 /* cinema.json in Resources */ = {isa = PBXBuildFile; fileRef = FED7D902264BBEC600254BD1 /* cinema.json */; };
		FED7D908264BC59D00254BD1 /* MyColors.swift in Sources */ = {isa = PBXBuildFile; fileRef = FED7D907264BC59D00254BD1 /* MyColors.swift */; };
		FED7D90B264BC6CD00254BD1 /* ColorExtensions.swift in Sources */ = {isa = PBXBuildFile; fileRef = FED7D90A264BC6CD00254BD1 /* ColorExtensions.swift */; };
		FED7D911264CCADC00254BD1 /* MoviesResponse.swift in Sources */ = {isa = PBXBuildFile; fileRef = FED7D910264CCADC00254BD1 /* MoviesResponse.swift */; };
		FED7D914264CDA4A00254BD1 /* APIBuilder.swift in Sources */ = {isa = PBXBuildFile; fileRef = FED7D913264CDA4A00254BD1 /* APIBuilder.swift */; };
		FED7D916264CDBD000254BD1 /* APIError.swift in Sources */ = {isa = PBXBuildFile; fileRef = FED7D915264CDBD000254BD1 /* APIError.swift */; };
		FED7D918264CDCB400254BD1 /* APIService.swift in Sources */ = {isa = PBXBuildFile; fileRef = FED7D917264CDCB400254BD1 /* APIService.swift */; };
		FED7D91A264CDF3300254BD1 /* ResultState.swift in Sources */ = {isa = PBXBuildFile; fileRef = FED7D919264CDF3300254BD1 /* ResultState.swift */; };
		FED7D91D264CDF9700254BD1 /* MovieViewModel.swift in Sources */ = {isa = PBXBuildFile; fileRef = FED7D91C264CDF9700254BD1 /* MovieViewModel.swift */; };
		FED7D920264CE38200254BD1 /* URLImage in Frameworks */ = {isa = PBXBuildFile; productRef = FED7D91F264CE38200254BD1 /* URLImage */; };
		FED7D926264D08E200254BD1 /* RatingView.swift in Sources */ = {isa = PBXBuildFile; fileRef = FED7D925264D08E200254BD1 /* RatingView.swift */; };
		FED7D928264D1AAA00254BD1 /* DetailMovieScreen.swift in Sources */ = {isa = PBXBuildFile; fileRef = FED7D927264D1AAA00254BD1 /* DetailMovieScreen.swift */; };
		FED7D92A264D1FDB00254BD1 /* Genre.swift in Sources */ = {isa = PBXBuildFile; fileRef = FED7D929264D1FDB00254BD1 /* Genre.swift */; };
		FED7D92C264D1FF800254BD1 /* ProductionCompany.swift in Sources */ = {isa = PBXBuildFile; fileRef = FED7D92B264D1FF800254BD1 /* ProductionCompany.swift */; };
		FED7D92E264D201100254BD1 /* ProductionCountry.swift in Sources */ = {isa = PBXBuildFile; fileRef = FED7D92D264D201100254BD1 /* ProductionCountry.swift */; };
		FED7D930264D202300254BD1 /* SpokenLanguage.swift in Sources */ = {isa = PBXBuildFile; fileRef = FED7D92F264D202300254BD1 /* SpokenLanguage.swift */; };
/* End PBXBuildFile section */

/* Begin PBXFileReference section */
		FE022E2F264D28DC002DEEC0 /* MoviesScreen.swift */ = {isa = PBXFileReference; lastKnownFileType = sourcecode.swift; path = MoviesScreen.swift; sourceTree = "<group>"; };
		FE022E31264D29D4002DEEC0 /* Movie.swift */ = {isa = PBXFileReference; lastKnownFileType = sourcecode.swift; path = Movie.swift; sourceTree = "<group>"; };
		FE57B00D264E511200D943D0 /* Grid.swift */ = {isa = PBXFileReference; fileEncoding = 4; lastKnownFileType = sourcecode.swift; path = Grid.swift; sourceTree = "<group>"; };
		FE57B00E264E511200D943D0 /* GridLayout.swift */ = {isa = PBXFileReference; fileEncoding = 4; lastKnownFileType = sourcecode.swift; path = GridLayout.swift; sourceTree = "<group>"; };
		FE57B011264E584700D943D0 /* OverlayButton.swift */ = {isa = PBXFileReference; lastKnownFileType = sourcecode.swift; path = OverlayButton.swift; sourceTree = "<group>"; };
		FE57B013264E68CD00D943D0 /* UserViewModel.swift */ = {isa = PBXFileReference; lastKnownFileType = sourcecode.swift; path = UserViewModel.swift; sourceTree = "<group>"; };
		FE5884532654C1E60016E747 /* SearchScreen.swift */ = {isa = PBXFileReference; lastKnownFileType = sourcecode.swift; path = SearchScreen.swift; sourceTree = "<group>"; };
		FE5884562654C5C00016E747 /* SearchField.swift */ = {isa = PBXFileReference; lastKnownFileType = sourcecode.swift; path = SearchField.swift; sourceTree = "<group>"; };
		FE58845A2654F5EF0016E747 /* SearchViewModel.swift */ = {isa = PBXFileReference; lastKnownFileType = sourcecode.swift; path = SearchViewModel.swift; sourceTree = "<group>"; };
		FE58845C265503FC0016E747 /* Keyword.swift */ = {isa = PBXFileReference; lastKnownFileType = sourcecode.swift; path = Keyword.swift; sourceTree = "<group>"; };
		FE58845E265504060016E747 /* KeywordsResponse.swift */ = {isa = PBXFileReference; lastKnownFileType = sourcecode.swift; path = KeywordsResponse.swift; sourceTree = "<group>"; };
		FE5884602655172A0016E747 /* MovieRow.swift */ = {isa = PBXFileReference; lastKnownFileType = sourcecode.swift; path = MovieRow.swift; sourceTree = "<group>"; };
		FE58846226551B860016E747 /* ArrayExtension.swift */ = {isa = PBXFileReference; lastKnownFileType = sourcecode.swift; path = ArrayExtension.swift; sourceTree = "<group>"; };
		FE588464265618280016E747 /* MainScreen.swift */ = {isa = PBXFileReference; lastKnownFileType = sourcecode.swift; path = MainScreen.swift; sourceTree = "<group>"; };
		FE5884662656475F0016E747 /* LoginSheet.swift */ = {isa = PBXFileReference; lastKnownFileType = sourcecode.swift; path = LoginSheet.swift; sourceTree = "<group>"; };
		FE588468265660F50016E747 /* DetailCastScreen.swift */ = {isa = PBXFileReference; lastKnownFileType = sourcecode.swift; path = DetailCastScreen.swift; sourceTree = "<group>"; };
		FE58846B265668310016E747 /* HeaderRow.swift */ = {isa = PBXFileReference; lastKnownFileType = sourcecode.swift; path = HeaderRow.swift; sourceTree = "<group>"; };
		FE58846D2656693E0016E747 /* NetworkImage.swift */ = {isa = PBXFileReference; lastKnownFileType = sourcecode.swift; path = NetworkImage.swift; sourceTree = "<group>"; };
		FE58846F26566C700016E747 /* BiographyRow.swift */ = {isa = PBXFileReference; lastKnownFileType = sourcecode.swift; path = BiographyRow.swift; sourceTree = "<group>"; };
		FE58847126574BCF0016E747 /* PeopleViewModel.swift */ = {isa = PBXFileReference; lastKnownFileType = sourcecode.swift; path = PeopleViewModel.swift; sourceTree = "<group>"; };
		FE588473265762370016E747 /* Account.swift */ = {isa = PBXFileReference; lastKnownFileType = sourcecode.swift; path = Account.swift; sourceTree = "<group>"; };
		FE588475265762840016E747 /* AvatarView.swift */ = {isa = PBXFileReference; lastKnownFileType = sourcecode.swift; path = AvatarView.swift; sourceTree = "<group>"; };
		FE58847A265769720016E747 /* AccountScreen.swift */ = {isa = PBXFileReference; lastKnownFileType = sourcecode.swift; path = AccountScreen.swift; sourceTree = "<group>"; };
		FE58847C26578C3A0016E747 /* MovieState.swift */ = {isa = PBXFileReference; lastKnownFileType = sourcecode.swift; path = MovieState.swift; sourceTree = "<group>"; };
		FE58847E265796E60016E747 /* FavoriteScreen.swift */ = {isa = PBXFileReference; lastKnownFileType = sourcecode.swift; path = FavoriteScreen.swift; sourceTree = "<group>"; };
		FE588480265797590016E747 /* FavoriteViewModel.swift */ = {isa = PBXFileReference; lastKnownFileType = sourcecode.swift; path = FavoriteViewModel.swift; sourceTree = "<group>"; };
		FE588482265799CE0016E747 /* WatchlistScreen.swift */ = {isa = PBXFileReference; lastKnownFileType = sourcecode.swift; path = WatchlistScreen.swift; sourceTree = "<group>"; };
		FE58848426579A060016E747 /* WatchlistViewModel.swift */ = {isa = PBXFileReference; lastKnownFileType = sourcecode.swift; path = WatchlistViewModel.swift; sourceTree = "<group>"; };
		FE5884862657B3EF0016E747 /* PeopleRow.swift */ = {isa = PBXFileReference; lastKnownFileType = sourcecode.swift; path = PeopleRow.swift; sourceTree = "<group>"; };
		FE5884882657B55D0016E747 /* PeopleResponse.swift */ = {isa = PBXFileReference; lastKnownFileType = sourcecode.swift; path = PeopleResponse.swift; sourceTree = "<group>"; };
		FE58848A2657C2270016E747 /* AskToLoginView.swift */ = {isa = PBXFileReference; lastKnownFileType = sourcecode.swift; path = AskToLoginView.swift; sourceTree = "<group>"; };
		FE58848C2658B1C50016E747 /* UserState.swift */ = {isa = PBXFileReference; lastKnownFileType = sourcecode.swift; path = UserState.swift; sourceTree = "<group>"; };
		FE588490265B51150016E747 /* ShimmerMovieRow.swift */ = {isa = PBXFileReference; lastKnownFileType = sourcecode.swift; path = ShimmerMovieRow.swift; sourceTree = "<group>"; };
		FE588492265B80860016E747 /* OffsetTopPreferenceKey.swift */ = {isa = PBXFileReference; lastKnownFileType = sourcecode.swift; path = OffsetTopPreferenceKey.swift; sourceTree = "<group>"; };
		FE588494265B89C70016E747 /* PagedResponse.swift */ = {isa = PBXFileReference; lastKnownFileType = sourcecode.swift; path = PagedResponse.swift; sourceTree = "<group>"; };
		FE78DBEC265204A300A7FE3C /* TokenResponse.swift */ = {isa = PBXFileReference; lastKnownFileType = sourcecode.swift; path = TokenResponse.swift; sourceTree = "<group>"; };
		FE78DBEE2652110500A7FE3C /* SessionIDResponse.swift */ = {isa = PBXFileReference; lastKnownFileType = sourcecode.swift; path = SessionIDResponse.swift; sourceTree = "<group>"; };
		FE78DBF026521A8300A7FE3C /* ViewExtensions.swift */ = {isa = PBXFileReference; lastKnownFileType = sourcecode.swift; path = ViewExtensions.swift; sourceTree = "<group>"; };
		FE78DBF22652285400A7FE3C /* MessageResponse.swift */ = {isa = PBXFileReference; lastKnownFileType = sourcecode.swift; path = MessageResponse.swift; sourceTree = "<group>"; };
		FE78DBFC26535E0F00A7FE3C /* StringExtensions.swift */ = {isa = PBXFileReference; lastKnownFileType = sourcecode.swift; path = StringExtensions.swift; sourceTree = "<group>"; };
		FE78DBFE2653614200A7FE3C /* Cast.swift */ = {isa = PBXFileReference; lastKnownFileType = sourcecode.swift; path = Cast.swift; sourceTree = "<group>"; };
		FE78DC00265361D200A7FE3C /* CreditsResponse.swift */ = {isa = PBXFileReference; lastKnownFileType = sourcecode.swift; path = CreditsResponse.swift; sourceTree = "<group>"; };
		FE78DC032653635D00A7FE3C /* CastItem.swift */ = {isa = PBXFileReference; lastKnownFileType = sourcecode.swift; path = CastItem.swift; sourceTree = "<group>"; };
		FE78DC0526537AFC00A7FE3C /* Review.swift */ = {isa = PBXFileReference; lastKnownFileType = sourcecode.swift; path = Review.swift; sourceTree = "<group>"; };
		FE78DC0726537B8800A7FE3C /* ReviewsResponse.swift */ = {isa = PBXFileReference; lastKnownFileType = sourcecode.swift; path = ReviewsResponse.swift; sourceTree = "<group>"; };
		FE78DC092653953C00A7FE3C /* PopularHeaderView.swift */ = {isa = PBXFileReference; lastKnownFileType = sourcecode.swift; path = PopularHeaderView.swift; sourceTree = "<group>"; };
		FE78DC0B2653A0F600A7FE3C /* MoviesHorizontalListView.swift */ = {isa = PBXFileReference; lastKnownFileType = sourcecode.swift; path = MoviesHorizontalListView.swift; sourceTree = "<group>"; };
		FE78DC0D2653A13F00A7FE3C /* MovieHorizontalItem.swift */ = {isa = PBXFileReference; lastKnownFileType = sourcecode.swift; path = MovieHorizontalItem.swift; sourceTree = "<group>"; };
		FE78DC0F2653A1BB00A7FE3C /* Top10Badge.swift */ = {isa = PBXFileReference; lastKnownFileType = sourcecode.swift; path = Top10Badge.swift; sourceTree = "<group>"; };
		FE78DC112653A26700A7FE3C /* HomeTopBar.swift */ = {isa = PBXFileReference; lastKnownFileType = sourcecode.swift; path = HomeTopBar.swift; sourceTree = "<group>"; };
		FEB9C2D2264E0EFF00B7AD0E /* MyButton.swift */ = {isa = PBXFileReference; lastKnownFileType = sourcecode.swift; path = MyButton.swift; sourceTree = "<group>"; };
		FEB9C2D4264E2A2D00B7AD0E /* PlaceholderImage.swift */ = {isa = PBXFileReference; lastKnownFileType = sourcecode.swift; path = PlaceholderImage.swift; sourceTree = "<group>"; };
		FEB9C2D6264E2D6E00B7AD0E /* DetailMovieViewModel.swift */ = {isa = PBXFileReference; lastKnownFileType = sourcecode.swift; path = DetailMovieViewModel.swift; sourceTree = "<group>"; };
		FEB9C2D8264E328100B7AD0E /* OverlayBackground.swift */ = {isa = PBXFileReference; lastKnownFileType = sourcecode.swift; path = OverlayBackground.swift; sourceTree = "<group>"; };
		FED7D8E8264BBC3D00254BD1 /* Cinefy.app */ = {isa = PBXFileReference; explicitFileType = wrapper.application; includeInIndex = 0; path = Cinefy.app; sourceTree = BUILT_PRODUCTS_DIR; };
		FED7D8EB264BBC3D00254BD1 /* CinefyApp.swift */ = {isa = PBXFileReference; lastKnownFileType = sourcecode.swift; path = CinefyApp.swift; sourceTree = "<group>"; };
		FED7D8EF264BBC4000254BD1 /* Assets.xcassets */ = {isa = PBXFileReference; lastKnownFileType = folder.assetcatalog; path = Assets.xcassets; sourceTree = "<group>"; };
		FED7D8F2264BBC4000254BD1 /* Preview Assets.xcassets */ = {isa = PBXFileReference; lastKnownFileType = folder.assetcatalog; path = "Preview Assets.xcassets"; sourceTree = "<group>"; };
		FED7D8F4264BBC4000254BD1 /* Info.plist */ = {isa = PBXFileReference; lastKnownFileType = text.plist.xml; path = Info.plist; sourceTree = "<group>"; };
		FED7D8FD264BBDC200254BD1 /* SplashScreen.swift */ = {isa = PBXFileReference; lastKnownFileType = sourcecode.swift; path = SplashScreen.swift; sourceTree = "<group>"; };
		FED7D8FF264BBE3200254BD1 /* LogoAnimatedView.swift */ = {isa = PBXFileReference; lastKnownFileType = sourcecode.swift; path = LogoAnimatedView.swift; sourceTree = "<group>"; };
		FED7D902264BBEC600254BD1 /* cinema.json */ = {isa = PBXFileReference; fileEncoding = 4; lastKnownFileType = text.json; path = cinema.json; sourceTree = "<group>"; };
		FED7D907264BC59D00254BD1 /* MyColors.swift */ = {isa = PBXFileReference; lastKnownFileType = sourcecode.swift; path = MyColors.swift; sourceTree = "<group>"; };
		FED7D90A264BC6CD00254BD1 /* ColorExtensions.swift */ = {isa = PBXFileReference; lastKnownFileType = sourcecode.swift; path = ColorExtensions.swift; sourceTree = "<group>"; };
		FED7D910264CCADC00254BD1 /* MoviesResponse.swift */ = {isa = PBXFileReference; lastKnownFileType = sourcecode.swift; path = MoviesResponse.swift; sourceTree = "<group>"; };
		FED7D913264CDA4A00254BD1 /* APIBuilder.swift */ = {isa = PBXFileReference; lastKnownFileType = sourcecode.swift; path = APIBuilder.swift; sourceTree = "<group>"; };
		FED7D915264CDBD000254BD1 /* APIError.swift */ = {isa = PBXFileReference; lastKnownFileType = sourcecode.swift; path = APIError.swift; sourceTree = "<group>"; };
		FED7D917264CDCB400254BD1 /* APIService.swift */ = {isa = PBXFileReference; lastKnownFileType = sourcecode.swift; path = APIService.swift; sourceTree = "<group>"; };
		FED7D919264CDF3300254BD1 /* ResultState.swift */ = {isa = PBXFileReference; lastKnownFileType = sourcecode.swift; path = ResultState.swift; sourceTree = "<group>"; };
		FED7D91C264CDF9700254BD1 /* MovieViewModel.swift */ = {isa = PBXFileReference; lastKnownFileType = sourcecode.swift; path = MovieViewModel.swift; sourceTree = "<group>"; };
		FED7D925264D08E200254BD1 /* RatingView.swift */ = {isa = PBXFileReference; lastKnownFileType = sourcecode.swift; path = RatingView.swift; sourceTree = "<group>"; };
		FED7D927264D1AAA00254BD1 /* DetailMovieScreen.swift */ = {isa = PBXFileReference; lastKnownFileType = sourcecode.swift; path = DetailMovieScreen.swift; sourceTree = "<group>"; };
		FED7D929264D1FDB00254BD1 /* Genre.swift */ = {isa = PBXFileReference; lastKnownFileType = sourcecode.swift; path = Genre.swift; sourceTree = "<group>"; };
		FED7D92B264D1FF800254BD1 /* ProductionCompany.swift */ = {isa = PBXFileReference; lastKnownFileType = sourcecode.swift; path = ProductionCompany.swift; sourceTree = "<group>"; };
		FED7D92D264D201100254BD1 /* ProductionCountry.swift */ = {isa = PBXFileReference; lastKnownFileType = sourcecode.swift; path = ProductionCountry.swift; sourceTree = "<group>"; };
		FED7D92F264D202300254BD1 /* SpokenLanguage.swift */ = {isa = PBXFileReference; lastKnownFileType = sourcecode.swift; path = SpokenLanguage.swift; sourceTree = "<group>"; };
/* End PBXFileReference section */

/* Begin PBXFrameworksBuildPhase section */
		FED7D8E5264BBC3D00254BD1 /* Frameworks */ = {
			isa = PBXFrameworksBuildPhase;
			buildActionMask = 2147483647;
			files = (
				FE78DBF82652633800A7FE3C /* SDWebImageSwiftUI in Frameworks */,
				FED7D920264CE38200254BD1 /* URLImage in Frameworks */,
				FED7D8FC264BBD7600254BD1 /* Lottie in Frameworks */,
			);
			runOnlyForDeploymentPostprocessing = 0;
		};
/* End PBXFrameworksBuildPhase section */

/* Begin PBXGroup section */
		FE5884552654C5A90016E747 /* Search */ = {
			isa = PBXGroup;
			children = (
				FE5884532654C1E60016E747 /* SearchScreen.swift */,
				FE5884562654C5C00016E747 /* SearchField.swift */,
				FE5884602655172A0016E747 /* MovieRow.swift */,
				FE5884862657B3EF0016E747 /* PeopleRow.swift */,
			);
			path = Search;
			sourceTree = "<group>";
		};
		FE58846A265667A60016E747 /* DetailCast */ = {
			isa = PBXGroup;
			children = (
				FE588468265660F50016E747 /* DetailCastScreen.swift */,
				FE58846B265668310016E747 /* HeaderRow.swift */,
				FE58846F26566C700016E747 /* BiographyRow.swift */,
			);
			path = DetailCast;
			sourceTree = "<group>";
		};
		FE588477265763530016E747 /* Utils */ = {
			isa = PBXGroup;
			children = (
				FE58848C2658B1C50016E747 /* UserState.swift */,
				FE588492265B80860016E747 /* OffsetTopPreferenceKey.swift */,
			);
			path = Utils;
			sourceTree = "<group>";
		};
		FE78DBF9265278A200A7FE3C /* Movies */ = {
			isa = PBXGroup;
			children = (
				FE022E2F264D28DC002DEEC0 /* MoviesScreen.swift */,
				FE78DC092653953C00A7FE3C /* PopularHeaderView.swift */,
				FE78DC0B2653A0F600A7FE3C /* MoviesHorizontalListView.swift */,
				FE78DC0D2653A13F00A7FE3C /* MovieHorizontalItem.swift */,
				FE78DC112653A26700A7FE3C /* HomeTopBar.swift */,
			);
			path = Movies;
			sourceTree = "<group>";
		};
		FE78DC022653634400A7FE3C /* DetailMovie */ = {
			isa = PBXGroup;
			children = (
				FED7D927264D1AAA00254BD1 /* DetailMovieScreen.swift */,
				FE78DC032653635D00A7FE3C /* CastItem.swift */,
			);
			path = DetailMovie;
			sourceTree = "<group>";
		};
		FED7D8DF264BBC3D00254BD1 = {
			isa = PBXGroup;
			children = (
				FED7D8EA264BBC3D00254BD1 /* Cinefy */,
				FED7D8E9264BBC3D00254BD1 /* Products */,
			);
			sourceTree = "<group>";
		};
		FED7D8E9264BBC3D00254BD1 /* Products */ = {
			isa = PBXGroup;
			children = (
				FED7D8E8264BBC3D00254BD1 /* Cinefy.app */,
			);
			name = Products;
			sourceTree = "<group>";
		};
		FED7D8EA264BBC3D00254BD1 /* Cinefy */ = {
			isa = PBXGroup;
			children = (
				FED7D912264CDA3F00254BD1 /* Services */,
				FED7D90D264CC9F400254BD1 /* Models */,
				FED7D91B264CDF7700254BD1 /* ViewModels */,
				FED7D904264BC10D00254BD1 /* Views */,
				FED7D90C264CC8EF00254BD1 /* CommonViews */,
				FED7D901264BBEB300254BD1 /* Resources */,
				FED7D909264BC69700254BD1 /* Extensions */,
				FE588477265763530016E747 /* Utils */,
				FED7D8EB264BBC3D00254BD1 /* CinefyApp.swift */,
				FED7D8EF264BBC4000254BD1 /* Assets.xcassets */,
				FED7D8F4264BBC4000254BD1 /* Info.plist */,
				FED7D8F1264BBC4000254BD1 /* Preview Content */,
			);
			path = Cinefy;
			sourceTree = "<group>";
		};
		FED7D8F1264BBC4000254BD1 /* Preview Content */ = {
			isa = PBXGroup;
			children = (
				FED7D8F2264BBC4000254BD1 /* Preview Assets.xcassets */,
			);
			path = "Preview Content";
			sourceTree = "<group>";
		};
		FED7D901264BBEB300254BD1 /* Resources */ = {
			isa = PBXGroup;
			children = (
				FED7D902264BBEC600254BD1 /* cinema.json */,
				FED7D907264BC59D00254BD1 /* MyColors.swift */,
			);
			path = Resources;
			sourceTree = "<group>";
		};
		FED7D904264BC10D00254BD1 /* Views */ = {
			isa = PBXGroup;
			children = (
				FE588464265618280016E747 /* MainScreen.swift */,
				FE78DBF9265278A200A7FE3C /* Movies */,
				FE78DC022653634400A7FE3C /* DetailMovie */,
				FE5884552654C5A90016E747 /* Search */,
				FE58846A265667A60016E747 /* DetailCast */,
				FED7D8FD264BBDC200254BD1 /* SplashScreen.swift */,
				FE5884662656475F0016E747 /* LoginSheet.swift */,
				FE58847A265769720016E747 /* AccountScreen.swift */,
				FE58847E265796E60016E747 /* FavoriteScreen.swift */,
				FE588482265799CE0016E747 /* WatchlistScreen.swift */,
			);
			path = Views;
			sourceTree = "<group>";
		};
		FED7D909264BC69700254BD1 /* Extensions */ = {
			isa = PBXGroup;
			children = (
				FED7D90A264BC6CD00254BD1 /* ColorExtensions.swift */,
				FE78DBF026521A8300A7FE3C /* ViewExtensions.swift */,
				FE78DBFC26535E0F00A7FE3C /* StringExtensions.swift */,
				FE58846226551B860016E747 /* ArrayExtension.swift */,
			);
			path = Extensions;
			sourceTree = "<group>";
		};
		FED7D90C264CC8EF00254BD1 /* CommonViews */ = {
			isa = PBXGroup;
			children = (
				FED7D925264D08E200254BD1 /* RatingView.swift */,
				FE57B00D264E511200D943D0 /* Grid.swift */,
				FE57B00E264E511200D943D0 /* GridLayout.swift */,
				FED7D8FF264BBE3200254BD1 /* LogoAnimatedView.swift */,
				FEB9C2D2264E0EFF00B7AD0E /* MyButton.swift */,
				FEB9C2D4264E2A2D00B7AD0E /* PlaceholderImage.swift */,
				FEB9C2D8264E328100B7AD0E /* OverlayBackground.swift */,
				FE57B011264E584700D943D0 /* OverlayButton.swift */,
				FE78DC0F2653A1BB00A7FE3C /* Top10Badge.swift */,
				FE58846D2656693E0016E747 /* NetworkImage.swift */,
				FE588475265762840016E747 /* AvatarView.swift */,
				FE58848A2657C2270016E747 /* AskToLoginView.swift */,
				FE588490265B51150016E747 /* ShimmerMovieRow.swift */,
			);
			path = CommonViews;
			sourceTree = "<group>";
		};
		FED7D90D264CC9F400254BD1 /* Models */ = {
			isa = PBXGroup;
			children = (
				FE588473265762370016E747 /* Account.swift */,
				FE78DBFE2653614200A7FE3C /* Cast.swift */,
				FE78DC00265361D200A7FE3C /* CreditsResponse.swift */,
				FED7D929264D1FDB00254BD1 /* Genre.swift */,
				FE58845C265503FC0016E747 /* Keyword.swift */,
				FE58845E265504060016E747 /* KeywordsResponse.swift */,
				FE78DBF22652285400A7FE3C /* MessageResponse.swift */,
				FE022E31264D29D4002DEEC0 /* Movie.swift */,
				FED7D910264CCADC00254BD1 /* MoviesResponse.swift */,
				FE58847C26578C3A0016E747 /* MovieState.swift */,
				FE5884882657B55D0016E747 /* PeopleResponse.swift */,
				FED7D92B264D1FF800254BD1 /* ProductionCompany.swift */,
				FED7D92D264D201100254BD1 /* ProductionCountry.swift */,
				FE78DC0526537AFC00A7FE3C /* Review.swift */,
				FE78DC0726537B8800A7FE3C /* ReviewsResponse.swift */,
				FE78DBEE2652110500A7FE3C /* SessionIDResponse.swift */,
				FED7D92F264D202300254BD1 /* SpokenLanguage.swift */,
				FE78DBEC265204A300A7FE3C /* TokenResponse.swift */,
				FE588494265B89C70016E747 /* PagedResponse.swift */,
			);
			path = Models;
			sourceTree = "<group>";
		};
		FED7D912264CDA3F00254BD1 /* Services */ = {
			isa = PBXGroup;
			children = (
				FED7D913264CDA4A00254BD1 /* APIBuilder.swift */,
				FED7D915264CDBD000254BD1 /* APIError.swift */,
				FED7D917264CDCB400254BD1 /* APIService.swift */,
				FED7D919264CDF3300254BD1 /* ResultState.swift */,
			);
			path = Services;
			sourceTree = "<group>";
		};
		FED7D91B264CDF7700254BD1 /* ViewModels */ = {
			isa = PBXGroup;
			children = (
				FED7D91C264CDF9700254BD1 /* MovieViewModel.swift */,
				FEB9C2D6264E2D6E00B7AD0E /* DetailMovieViewModel.swift */,
				FE57B013264E68CD00D943D0 /* UserViewModel.swift */,
				FE58845A2654F5EF0016E747 /* SearchViewModel.swift */,
				FE58847126574BCF0016E747 /* PeopleViewModel.swift */,
				FE588480265797590016E747 /* FavoriteViewModel.swift */,
				FE58848426579A060016E747 /* WatchlistViewModel.swift */,
			);
			path = ViewModels;
			sourceTree = "<group>";
		};
/* End PBXGroup section */

/* Begin PBXNativeTarget section */
		FED7D8E7264BBC3D00254BD1 /* Cinefy */ = {
			isa = PBXNativeTarget;
			buildConfigurationList = FED7D8F7264BBC4000254BD1 /* Build configuration list for PBXNativeTarget "Cinefy" */;
			buildPhases = (
				FED7D8E4264BBC3D00254BD1 /* Sources */,
				FED7D8E5264BBC3D00254BD1 /* Frameworks */,
				FED7D8E6264BBC3D00254BD1 /* Resources */,
			);
			buildRules = (
			);
			dependencies = (
			);
			name = Cinefy;
			packageProductDependencies = (
				FED7D8FB264BBD7600254BD1 /* Lottie */,
				FED7D91F264CE38200254BD1 /* URLImage */,
				FE78DBF72652633800A7FE3C /* SDWebImageSwiftUI */,
			);
			productName = Cinefy;
			productReference = FED7D8E8264BBC3D00254BD1 /* Cinefy.app */;
			productType = "com.apple.product-type.application";
		};
/* End PBXNativeTarget section */

/* Begin PBXProject section */
		FED7D8E0264BBC3D00254BD1 /* Project object */ = {
			isa = PBXProject;
			attributes = {
				LastSwiftUpdateCheck = 1250;
				LastUpgradeCheck = 1250;
				TargetAttributes = {
					FED7D8E7264BBC3D00254BD1 = {
						CreatedOnToolsVersion = 12.5;
					};
				};
			};
			buildConfigurationList = FED7D8E3264BBC3D00254BD1 /* Build configuration list for PBXProject "Cinefy" */;
			compatibilityVersion = "Xcode 9.3";
			developmentRegion = en;
			hasScannedForEncodings = 0;
			knownRegions = (
				en,
				Base,
			);
			mainGroup = FED7D8DF264BBC3D00254BD1;
			packageReferences = (
				FED7D8FA264BBD7600254BD1 /* XCRemoteSwiftPackageReference "lottie-ios" */,
				FED7D91E264CE38200254BD1 /* XCRemoteSwiftPackageReference "url-image" */,
				FE78DBF62652633800A7FE3C /* XCRemoteSwiftPackageReference "SDWebImageSwiftUI" */,
			);
			productRefGroup = FED7D8E9264BBC3D00254BD1 /* Products */;
			projectDirPath = "";
			projectRoot = "";
			targets = (
				FED7D8E7264BBC3D00254BD1 /* Cinefy */,
			);
		};
/* End PBXProject section */

/* Begin PBXResourcesBuildPhase section */
		FED7D8E6264BBC3D00254BD1 /* Resources */ = {
			isa = PBXResourcesBuildPhase;
			buildActionMask = 2147483647;
			files = (
				FED7D903264BBEC600254BD1 /* cinema.json in Resources */,
				FED7D8F3264BBC4000254BD1 /* Preview Assets.xcassets in Resources */,
				FED7D8F0264BBC4000254BD1 /* Assets.xcassets in Resources */,
			);
			runOnlyForDeploymentPostprocessing = 0;
		};
/* End PBXResourcesBuildPhase section */

/* Begin PBXSourcesBuildPhase section */
		FED7D8E4264BBC3D00254BD1 /* Sources */ = {
			isa = PBXSourcesBuildPhase;
			buildActionMask = 2147483647;
			files = (
				FED7D911264CCADC00254BD1 /* MoviesResponse.swift in Sources */,
				FE588493265B80860016E747 /* OffsetTopPreferenceKey.swift in Sources */,
				FED7D92C264D1FF800254BD1 /* ProductionCompany.swift in Sources */,
				FE58848526579A060016E747 /* WatchlistViewModel.swift in Sources */,
				FED7D900264BBE3200254BD1 /* LogoAnimatedView.swift in Sources */,
				FE78DC122653A26700A7FE3C /* HomeTopBar.swift in Sources */,
				FE78DBED265204A300A7FE3C /* TokenResponse.swift in Sources */,
				FEB9C2D7264E2D6E00B7AD0E /* DetailMovieViewModel.swift in Sources */,
				FE78DC01265361D200A7FE3C /* CreditsResponse.swift in Sources */,
				FE58845D265503FC0016E747 /* Keyword.swift in Sources */,
				FE58845F265504060016E747 /* KeywordsResponse.swift in Sources */,
				FE588474265762370016E747 /* Account.swift in Sources */,
				FE78DC042653635D00A7FE3C /* CastItem.swift in Sources */,
				FE58847226574BCF0016E747 /* PeopleViewModel.swift in Sources */,
				FE78DC0626537AFC00A7FE3C /* Review.swift in Sources */,
				FED7D92E264D201100254BD1 /* ProductionCountry.swift in Sources */,
				FED7D930264D202300254BD1 /* SpokenLanguage.swift in Sources */,
				FE57B00F264E511200D943D0 /* Grid.swift in Sources */,
				FE78DC0826537B8800A7FE3C /* ReviewsResponse.swift in Sources */,
				FE58848D2658B1C50016E747 /* UserState.swift in Sources */,
				FE5884892657B55D0016E747 /* PeopleResponse.swift in Sources */,
				FED7D916264CDBD000254BD1 /* APIError.swift in Sources */,
				FE022E30264D28DC002DEEC0 /* MoviesScreen.swift in Sources */,
				FE58846C265668310016E747 /* HeaderRow.swift in Sources */,
				FED7D918264CDCB400254BD1 /* APIService.swift in Sources */,
				FE588495265B89C70016E747 /* PagedResponse.swift in Sources */,
				FE5884872657B3EF0016E747 /* PeopleRow.swift in Sources */,
				FEB9C2D3264E0EFF00B7AD0E /* MyButton.swift in Sources */,
				FED7D908264BC59D00254BD1 /* MyColors.swift in Sources */,
				FE58848B2657C2270016E747 /* AskToLoginView.swift in Sources */,
				FE78DC0E2653A13F00A7FE3C /* MovieHorizontalItem.swift in Sources */,
				FEB9C2D5264E2A2D00B7AD0E /* PlaceholderImage.swift in Sources */,
				FE78DC0A2653953C00A7FE3C /* PopularHeaderView.swift in Sources */,
				FED7D8FE264BBDC200254BD1 /* SplashScreen.swift in Sources */,
				FE588465265618280016E747 /* MainScreen.swift in Sources */,
				FE58847026566C700016E747 /* BiographyRow.swift in Sources */,
				FE57B012264E584700D943D0 /* OverlayButton.swift in Sources */,
				FE58846326551B860016E747 /* ArrayExtension.swift in Sources */,
				FE78DBFD26535E0F00A7FE3C /* StringExtensions.swift in Sources */,
				FE57B010264E511200D943D0 /* GridLayout.swift in Sources */,
				FE588483265799CE0016E747 /* WatchlistScreen.swift in Sources */,
				FEB9C2D9264E328100B7AD0E /* OverlayBackground.swift in Sources */,
				FED7D8EC264BBC3D00254BD1 /* CinefyApp.swift in Sources */,
				FE58847D26578C3A0016E747 /* MovieState.swift in Sources */,
				FED7D92A264D1FDB00254BD1 /* Genre.swift in Sources */,
				FED7D928264D1AAA00254BD1 /* DetailMovieScreen.swift in Sources */,
				FE58845B2654F5EF0016E747 /* SearchViewModel.swift in Sources */,
				FE5884612655172A0016E747 /* MovieRow.swift in Sources */,
				FE57B014264E68CD00D943D0 /* UserViewModel.swift in Sources */,
				FED7D91A264CDF3300254BD1 /* ResultState.swift in Sources */,
				FED7D926264D08E200254BD1 /* RatingView.swift in Sources */,
				FE78DC0C2653A0F600A7FE3C /* MoviesHorizontalListView.swift in Sources */,
				FED7D90B264BC6CD00254BD1 /* ColorExtensions.swift in Sources */,
				FE58847F265796E60016E747 /* FavoriteScreen.swift in Sources */,
				FE78DC102653A1BB00A7FE3C /* Top10Badge.swift in Sources */,
				FE5884672656475F0016E747 /* LoginSheet.swift in Sources */,
				FE78DBFF2653614200A7FE3C /* Cast.swift in Sources */,
				FE5884572654C5C00016E747 /* SearchField.swift in Sources */,
				FE588469265660F50016E747 /* DetailCastScreen.swift in Sources */,
				FE78DBF126521A8300A7FE3C /* ViewExtensions.swift in Sources */,
				FE78DBEF2652110500A7FE3C /* SessionIDResponse.swift in Sources */,
				FED7D91D264CDF9700254BD1 /* MovieViewModel.swift in Sources */,
				FE588476265762840016E747 /* AvatarView.swift in Sources */,
				FED7D914264CDA4A00254BD1 /* APIBuilder.swift in Sources */,
				FE78DBF32652285400A7FE3C /* MessageResponse.swift in Sources */,
				FE58847B265769720016E747 /* AccountScreen.swift in Sources */,
				FE58846E2656693E0016E747 /* NetworkImage.swift in Sources */,
				FE022E32264D29D4002DEEC0 /* Movie.swift in Sources */,
				FE588481265797590016E747 /* FavoriteViewModel.swift in Sources */,
				FE5884542654C1E60016E747 /* SearchScreen.swift in Sources */,
				FE588491265B51150016E747 /* ShimmerMovieRow.swift in Sources */,
			);
			runOnlyForDeploymentPostprocessing = 0;
		};
/* End PBXSourcesBuildPhase section */

/* Begin XCBuildConfiguration section */
		FED7D8F5264BBC4000254BD1 /* Debug */ = {
			isa = XCBuildConfiguration;
			buildSettings = {
				ALWAYS_SEARCH_USER_PATHS = NO;
				CLANG_ANALYZER_NONNULL = YES;
				CLANG_ANALYZER_NUMBER_OBJECT_CONVERSION = YES_AGGRESSIVE;
				CLANG_CXX_LANGUAGE_STANDARD = "gnu++14";
				CLANG_CXX_LIBRARY = "libc++";
				CLANG_ENABLE_MODULES = YES;
				CLANG_ENABLE_OBJC_ARC = YES;
				CLANG_ENABLE_OBJC_WEAK = YES;
				CLANG_WARN_BLOCK_CAPTURE_AUTORELEASING = YES;
				CLANG_WARN_BOOL_CONVERSION = YES;
				CLANG_WARN_COMMA = YES;
				CLANG_WARN_CONSTANT_CONVERSION = YES;
				CLANG_WARN_DEPRECATED_OBJC_IMPLEMENTATIONS = YES;
				CLANG_WARN_DIRECT_OBJC_ISA_USAGE = YES_ERROR;
				CLANG_WARN_DOCUMENTATION_COMMENTS = YES;
				CLANG_WARN_EMPTY_BODY = YES;
				CLANG_WARN_ENUM_CONVERSION = YES;
				CLANG_WARN_INFINITE_RECURSION = YES;
				CLANG_WARN_INT_CONVERSION = YES;
				CLANG_WARN_NON_LITERAL_NULL_CONVERSION = YES;
				CLANG_WARN_OBJC_IMPLICIT_RETAIN_SELF = YES;
				CLANG_WARN_OBJC_LITERAL_CONVERSION = YES;
				CLANG_WARN_OBJC_ROOT_CLASS = YES_ERROR;
				CLANG_WARN_QUOTED_INCLUDE_IN_FRAMEWORK_HEADER = YES;
				CLANG_WARN_RANGE_LOOP_ANALYSIS = YES;
				CLANG_WARN_STRICT_PROTOTYPES = YES;
				CLANG_WARN_SUSPICIOUS_MOVE = YES;
				CLANG_WARN_UNGUARDED_AVAILABILITY = YES_AGGRESSIVE;
				CLANG_WARN_UNREACHABLE_CODE = YES;
				CLANG_WARN__DUPLICATE_METHOD_MATCH = YES;
				COPY_PHASE_STRIP = NO;
				DEAD_CODE_STRIPPING = NO;
				DEBUG_INFORMATION_FORMAT = dwarf;
				ENABLE_STRICT_OBJC_MSGSEND = YES;
				ENABLE_TESTABILITY = YES;
				GCC_C_LANGUAGE_STANDARD = gnu11;
				GCC_DYNAMIC_NO_PIC = NO;
				GCC_NO_COMMON_BLOCKS = YES;
				GCC_OPTIMIZATION_LEVEL = 0;
				GCC_PREPROCESSOR_DEFINITIONS = (
					"DEBUG=1",
					"$(inherited)",
				);
				GCC_WARN_64_TO_32_BIT_CONVERSION = YES;
				GCC_WARN_ABOUT_RETURN_TYPE = YES_ERROR;
				GCC_WARN_UNDECLARED_SELECTOR = YES;
				GCC_WARN_UNINITIALIZED_AUTOS = YES_AGGRESSIVE;
				GCC_WARN_UNUSED_FUNCTION = YES;
				GCC_WARN_UNUSED_VARIABLE = YES;
				IPHONEOS_DEPLOYMENT_TARGET = 14.5;
				MTL_ENABLE_DEBUG_INFO = INCLUDE_SOURCE;
				MTL_FAST_MATH = YES;
				ONLY_ACTIVE_ARCH = YES;
				SDKROOT = iphoneos;
				SWIFT_ACTIVE_COMPILATION_CONDITIONS = DEBUG;
				SWIFT_OPTIMIZATION_LEVEL = "-Onone";
			};
			name = Debug;
		};
		FED7D8F6264BBC4000254BD1 /* Release */ = {
			isa = XCBuildConfiguration;
			buildSettings = {
				ALWAYS_SEARCH_USER_PATHS = NO;
				CLANG_ANALYZER_NONNULL = YES;
				CLANG_ANALYZER_NUMBER_OBJECT_CONVERSION = YES_AGGRESSIVE;
				CLANG_CXX_LANGUAGE_STANDARD = "gnu++14";
				CLANG_CXX_LIBRARY = "libc++";
				CLANG_ENABLE_MODULES = YES;
				CLANG_ENABLE_OBJC_ARC = YES;
				CLANG_ENABLE_OBJC_WEAK = YES;
				CLANG_WARN_BLOCK_CAPTURE_AUTORELEASING = YES;
				CLANG_WARN_BOOL_CONVERSION = YES;
				CLANG_WARN_COMMA = YES;
				CLANG_WARN_CONSTANT_CONVERSION = YES;
				CLANG_WARN_DEPRECATED_OBJC_IMPLEMENTATIONS = YES;
				CLANG_WARN_DIRECT_OBJC_ISA_USAGE = YES_ERROR;
				CLANG_WARN_DOCUMENTATION_COMMENTS = YES;
				CLANG_WARN_EMPTY_BODY = YES;
				CLANG_WARN_ENUM_CONVERSION = YES;
				CLANG_WARN_INFINITE_RECURSION = YES;
				CLANG_WARN_INT_CONVERSION = YES;
				CLANG_WARN_NON_LITERAL_NULL_CONVERSION = YES;
				CLANG_WARN_OBJC_IMPLICIT_RETAIN_SELF = YES;
				CLANG_WARN_OBJC_LITERAL_CONVERSION = YES;
				CLANG_WARN_OBJC_ROOT_CLASS = YES_ERROR;
				CLANG_WARN_QUOTED_INCLUDE_IN_FRAMEWORK_HEADER = YES;
				CLANG_WARN_RANGE_LOOP_ANALYSIS = YES;
				CLANG_WARN_STRICT_PROTOTYPES = YES;
				CLANG_WARN_SUSPICIOUS_MOVE = YES;
				CLANG_WARN_UNGUARDED_AVAILABILITY = YES_AGGRESSIVE;
				CLANG_WARN_UNREACHABLE_CODE = YES;
				CLANG_WARN__DUPLICATE_METHOD_MATCH = YES;
				COPY_PHASE_STRIP = NO;
				DEAD_CODE_STRIPPING = NO;
				DEBUG_INFORMATION_FORMAT = "dwarf-with-dsym";
				ENABLE_NS_ASSERTIONS = NO;
				ENABLE_STRICT_OBJC_MSGSEND = YES;
				GCC_C_LANGUAGE_STANDARD = gnu11;
				GCC_NO_COMMON_BLOCKS = YES;
				GCC_WARN_64_TO_32_BIT_CONVERSION = YES;
				GCC_WARN_ABOUT_RETURN_TYPE = YES_ERROR;
				GCC_WARN_UNDECLARED_SELECTOR = YES;
				GCC_WARN_UNINITIALIZED_AUTOS = YES_AGGRESSIVE;
				GCC_WARN_UNUSED_FUNCTION = YES;
				GCC_WARN_UNUSED_VARIABLE = YES;
				IPHONEOS_DEPLOYMENT_TARGET = 14.5;
				MTL_ENABLE_DEBUG_INFO = NO;
				MTL_FAST_MATH = YES;
				SDKROOT = iphoneos;
				SWIFT_COMPILATION_MODE = wholemodule;
				SWIFT_OPTIMIZATION_LEVEL = "-O";
				VALIDATE_PRODUCT = YES;
			};
			name = Release;
		};
		FED7D8F8264BBC4000254BD1 /* Debug */ = {
			isa = XCBuildConfiguration;
			buildSettings = {
				ASSETCATALOG_COMPILER_APPICON_NAME = AppIcon;
				ASSETCATALOG_COMPILER_GLOBAL_ACCENT_COLOR_NAME = AccentColor;
				CODE_SIGN_STYLE = Automatic;
				DEVELOPMENT_ASSET_PATHS = "\"Cinefy/Preview Content\"";
				ENABLE_PREVIEWS = YES;
				INFOPLIST_FILE = Cinefy/Info.plist;
				IPHONEOS_DEPLOYMENT_TARGET = 14.0;
				LD_RUNPATH_SEARCH_PATHS = (
					"$(inherited)",
					"@executable_path/Frameworks",
				);
				PRODUCT_BUNDLE_IDENTIFIER = com.exe.training.Cinefy;
				PRODUCT_NAME = "$(TARGET_NAME)";
				SWIFT_VERSION = 5.0;
				TARGETED_DEVICE_FAMILY = "1,2";
			};
			name = Debug;
		};
		FED7D8F9264BBC4000254BD1 /* Release */ = {
			isa = XCBuildConfiguration;
			buildSettings = {
				ASSETCATALOG_COMPILER_APPICON_NAME = AppIcon;
				ASSETCATALOG_COMPILER_GLOBAL_ACCENT_COLOR_NAME = AccentColor;
				CODE_SIGN_STYLE = Automatic;
				DEVELOPMENT_ASSET_PATHS = "\"Cinefy/Preview Content\"";
				ENABLE_PREVIEWS = YES;
				INFOPLIST_FILE = Cinefy/Info.plist;
				IPHONEOS_DEPLOYMENT_TARGET = 14.0;
				LD_RUNPATH_SEARCH_PATHS = (
					"$(inherited)",
					"@executable_path/Frameworks",
				);
				PRODUCT_BUNDLE_IDENTIFIER = com.exe.training.Cinefy;
				PRODUCT_NAME = "$(TARGET_NAME)";
				SWIFT_VERSION = 5.0;
				TARGETED_DEVICE_FAMILY = "1,2";
			};
			name = Release;
		};
/* End XCBuildConfiguration section */

/* Begin XCConfigurationList section */
		FED7D8E3264BBC3D00254BD1 /* Build configuration list for PBXProject "Cinefy" */ = {
			isa = XCConfigurationList;
			buildConfigurations = (
				FED7D8F5264BBC4000254BD1 /* Debug */,
				FED7D8F6264BBC4000254BD1 /* Release */,
			);
			defaultConfigurationIsVisible = 0;
			defaultConfigurationName = Release;
		};
		FED7D8F7264BBC4000254BD1 /* Build configuration list for PBXNativeTarget "Cinefy" */ = {
			isa = XCConfigurationList;
			buildConfigurations = (
				FED7D8F8264BBC4000254BD1 /* Debug */,
				FED7D8F9264BBC4000254BD1 /* Release */,
			);
			defaultConfigurationIsVisible = 0;
			defaultConfigurationName = Release;
		};
/* End XCConfigurationList section */

/* Begin XCRemoteSwiftPackageReference section */
		FE78DBF62652633800A7FE3C /* XCRemoteSwiftPackageReference "SDWebImageSwiftUI" */ = {
			isa = XCRemoteSwiftPackageReference;
			repositoryURL = "https://github.com/SDWebImage/SDWebImageSwiftUI";
			requirement = {
				kind = upToNextMajorVersion;
				minimumVersion = 2.0.2;
			};
		};
		FED7D8FA264BBD7600254BD1 /* XCRemoteSwiftPackageReference "lottie-ios" */ = {
			isa = XCRemoteSwiftPackageReference;
			repositoryURL = "https://github.com/airbnb/lottie-ios";
			requirement = {
				kind = upToNextMajorVersion;
				minimumVersion = 3.2.2;
			};
		};
		FED7D91E264CE38200254BD1 /* XCRemoteSwiftPackageReference "url-image" */ = {
			isa = XCRemoteSwiftPackageReference;
			repositoryURL = "https://github.com/dmytro-anokhin/url-image";
			requirement = {
				kind = upToNextMajorVersion;
				minimumVersion = 3.0.0;
			};
		};
/* End XCRemoteSwiftPackageReference section */

/* Begin XCSwiftPackageProductDependency section */
		FE78DBF72652633800A7FE3C /* SDWebImageSwiftUI */ = {
			isa = XCSwiftPackageProductDependency;
			package = FE78DBF62652633800A7FE3C /* XCRemoteSwiftPackageReference "SDWebImageSwiftUI" */;
			productName = SDWebImageSwiftUI;
		};
		FED7D8FB264BBD7600254BD1 /* Lottie */ = {
			isa = XCSwiftPackageProductDependency;
			package = FED7D8FA264BBD7600254BD1 /* XCRemoteSwiftPackageReference "lottie-ios" */;
			productName = Lottie;
		};
		FED7D91F264CE38200254BD1 /* URLImage */ = {
			isa = XCSwiftPackageProductDependency;
			package = FED7D91E264CE38200254BD1 /* XCRemoteSwiftPackageReference "url-image" */;
			productName = URLImage;
		};
/* End XCSwiftPackageProductDependency section */
	};
	rootObject = FED7D8E0264BBC3D00254BD1 /* Project object */;
}
