{
  "object": {
    "pins": [
      {
        "package": "Lottie",
        "repositoryURL": "https://github.com/airbnb/lottie-ios",
        "state": {
          "branch": null,
          "revision": "e428f89675588f2fe58891eac5f7c971098cf1a0",
          "version": "3.2.2"
        }
      },
      {
        "package": "URLImage",
        "repositoryURL": "https://github.com/dmytro-anokhin/url-image",
        "state": {
          "branch": null,
          "revision": "24c698e4fd949fc06b040539846292a2233c1f05",
          "version": "3.0.0"
        }
      }
    ]
  },
  "version": 1
}
